
Microsoft Visual Studio Solution File, Format Version 12.00
# Visual Studio Version 17
VisualStudioVersion = 17.0.32112.339
MinimumVisualStudioVersion = 10.0.40219.1
Project("{FAE04EC0-301F-11D3-BF4B-00C04F79EFBC}") = "Triangulo.ConsoleApp1", "Triangulo.ConsoleApp1\Triangulo.ConsoleApp1.csproj", "{A0F29215-54C8-4358-88ED-BF391486DA9F}"
EndProject
Global
	GlobalSection(SolutionConfigurationPlatforms) = preSolution
		Debug|Any CPU = Debug|Any CPU
		Release|Any CPU = Release|Any CPU
	EndGlobalSection
	GlobalSection(ProjectConfigurationPlatforms) = postSolution
		{A0F29215-54C8-4358-88ED-BF391486DA9F}.Debug|Any CPU.ActiveCfg = Debug|Any CPU
		{A0F29215-54C8-4358-88ED-BF391486DA9F}.Debug|Any CPU.Build.0 = Debug|Any CPU
		{A0F29215-54C8-4358-88ED-BF391486DA9F}.Release|Any CPU.ActiveCfg = Release|Any CPU
		{A0F29215-54C8-4358-88ED-BF391486DA9F}.Release|Any CPU.Build.0 = Release|Any CPU
	EndGlobalSection
	GlobalSection(SolutionProperties) = preSolution
		HideSolutionNode = FALSE
	EndGlobalSection
	GlobalSection(ExtensibilityGlobals) = postSolution
		SolutionGuid = {AE5DEA46-518E-4651-B1C0-F9EFB56E5CC2}
	EndGlobalSection
EndGlobal
